
Microsoft Visual Studio Solution File, Format Version 12.00
# Visual Studio Version 16
VisualStudioVersion = 16.0.29709.97
MinimumVisualStudioVersion = 10.0.40219.1
Project("{FAE04EC0-301F-11D3-BF4B-00C04F79EFBC}") = "DotNetCodeFirst", "DotNetCodeFirst\DotNetCodeFirst.csproj", "{453B32C6-E932-481C-889B-D8F29541A7E5}"
EndProject
Global
	GlobalSection(SolutionConfigurationPlatforms) = preSolution
		Debug|Any CPU = Debug|Any CPU
		Release|Any CPU = Release|Any CPU
	EndGlobalSection
	GlobalSection(ProjectConfigurationPlatforms) = postSolution
		{453B32C6-E932-481C-889B-D8F29541A7E5}.Debug|Any CPU.ActiveCfg = Debug|Any CPU
		{453B32C6-E932-481C-889B-D8F29541A7E5}.Debug|Any CPU.Build.0 = Debug|Any CPU
		{453B32C6-E932-481C-889B-D8F29541A7E5}.Release|Any CPU.ActiveCfg = Release|Any CPU
		{453B32C6-E932-481C-889B-D8F29541A7E5}.Release|Any CPU.Build.0 = Release|Any CPU
	EndGlobalSection
	GlobalSection(SolutionProperties) = preSolution
		HideSolutionNode = FALSE
	EndGlobalSection
	GlobalSection(ExtensibilityGlobals) = postSolution
		SolutionGuid = {2BCEFB24-DE8F-4D37-9E98-B3539389388E}
	EndGlobalSection
EndGlobal
